# THIS IS AN AUTOGENERATED FILE. DO NOT EDIT THIS FILE DIRECTLY.
# yarn lockfile v1


chalk@6.0.0:
  version "6.0.0"
  resolved "https://registry.yarnpkg.com/chalk/-/chalk-6.0.0.tgz#a3bae843bc8454f41ef66ef3fd584dcf34dd805d"
  integrity sha512-2uNTXIuTTxk7ciZgAU1BQcgnchcG0xXnrs6jzkQfj9SsRa9M2s5zE8WT96hS6KmG4MzWHSrvH43DF1m4XRkrFg==
